
Microsoft Visual Studio Solution File, Format Version 12.00
# Visual Studio 15
VisualStudioVersion = 15.0.26403.7
MinimumVisualStudioVersion = 10.0.40219.1
Project("{FAE04EC0-301F-11D3-BF4B-00C04F79EFBC}") = "MediaManager.Web", "MediaManager.Web\MediaManager.Web.csproj", "{40ADDACC-626E-4711-8AB1-CF4F08898C1C}"
EndProject
Project("{FAE04EC0-301F-11D3-BF4B-00C04F79EFBC}") = "MediaManager.Web.Tests", "MediaManager.Web.Tests\MediaManager.Web.Tests.csproj", "{455B8FF9-FBC5-4DA8-8CF2-431503F8188C}"
EndProject
Project("{FAE04EC0-301F-11D3-BF4B-00C04F79EFBC}") = "MediaManager.SharedKernel", "MediaManager.SharedKernel\MediaManager.SharedKernel.csproj", "{91DFE47B-247A-4E56-8798-CF919F4D478B}"
EndProject
Project("{FAE04EC0-301F-11D3-BF4B-00C04F79EFBC}") = "LoadMoviesAndOwnersFromCsv", "LoadMoviesAndOwnersFromCsv\LoadMoviesAndOwnersFromCsv.csproj", "{A46A8D55-6486-45DB-8AB0-31431C18E0C2}"
EndProject
Project("{2150E333-8FDC-42A3-9474-1A3956D46DE8}") = "Tests", "Tests", "{5FD9CF6E-DFD9-4E7F-A743-3DB10E910D16}"
EndProject
Project("{FAE04EC0-301F-11D3-BF4B-00C04F79EFBC}") = "MediaManager.LibraryComponent", "MediaManager.LibraryComponent\MediaManager.LibraryComponent.csproj", "{9364395A-3D82-435B-A664-4F5426367561}"
EndProject
Project("{FAE04EC0-301F-11D3-BF4B-00C04F79EFBC}") = "MediaManager.LibraryComponent.Tests", "MediaManager.LibraryComponent.Tests\MediaManager.LibraryComponent.Tests.csproj", "{3D2733AA-9066-47BD-9707-39FDC2AAFC73}"
EndProject
Project("{FAE04EC0-301F-11D3-BF4B-00C04F79EFBC}") = "MediaManager.MovieInformationComponent", "MediaManager.MovieInformationComponent\MediaManager.MovieInformationComponent.csproj", "{2520AF90-31DC-4B2F-9A4F-BD29B54C1D00}"
EndProject
Global
	GlobalSection(SolutionConfigurationPlatforms) = preSolution
		Debug|Any CPU = Debug|Any CPU
		Release|Any CPU = Release|Any CPU
	EndGlobalSection
	GlobalSection(ProjectConfigurationPlatforms) = postSolution
		{40ADDACC-626E-4711-8AB1-CF4F08898C1C}.Debug|Any CPU.ActiveCfg = Debug|Any CPU
		{40ADDACC-626E-4711-8AB1-CF4F08898C1C}.Debug|Any CPU.Build.0 = Debug|Any CPU
		{40ADDACC-626E-4711-8AB1-CF4F08898C1C}.Release|Any CPU.ActiveCfg = Release|Any CPU
		{40ADDACC-626E-4711-8AB1-CF4F08898C1C}.Release|Any CPU.Build.0 = Release|Any CPU
		{455B8FF9-FBC5-4DA8-8CF2-431503F8188C}.Debug|Any CPU.ActiveCfg = Debug|Any CPU
		{455B8FF9-FBC5-4DA8-8CF2-431503F8188C}.Debug|Any CPU.Build.0 = Debug|Any CPU
		{455B8FF9-FBC5-4DA8-8CF2-431503F8188C}.Release|Any CPU.ActiveCfg = Release|Any CPU
		{455B8FF9-FBC5-4DA8-8CF2-431503F8188C}.Release|Any CPU.Build.0 = Release|Any CPU
		{91DFE47B-247A-4E56-8798-CF919F4D478B}.Debug|Any CPU.ActiveCfg = Debug|Any CPU
		{91DFE47B-247A-4E56-8798-CF919F4D478B}.Debug|Any CPU.Build.0 = Debug|Any CPU
		{91DFE47B-247A-4E56-8798-CF919F4D478B}.Release|Any CPU.ActiveCfg = Release|Any CPU
		{91DFE47B-247A-4E56-8798-CF919F4D478B}.Release|Any CPU.Build.0 = Release|Any CPU
		{A46A8D55-6486-45DB-8AB0-31431C18E0C2}.Debug|Any CPU.ActiveCfg = Debug|Any CPU
		{A46A8D55-6486-45DB-8AB0-31431C18E0C2}.Debug|Any CPU.Build.0 = Debug|Any CPU
		{A46A8D55-6486-45DB-8AB0-31431C18E0C2}.Release|Any CPU.ActiveCfg = Release|Any CPU
		{A46A8D55-6486-45DB-8AB0-31431C18E0C2}.Release|Any CPU.Build.0 = Release|Any CPU
		{9364395A-3D82-435B-A664-4F5426367561}.Debug|Any CPU.ActiveCfg = Debug|Any CPU
		{9364395A-3D82-435B-A664-4F5426367561}.Debug|Any CPU.Build.0 = Debug|Any CPU
		{9364395A-3D82-435B-A664-4F5426367561}.Release|Any CPU.ActiveCfg = Release|Any CPU
		{9364395A-3D82-435B-A664-4F5426367561}.Release|Any CPU.Build.0 = Release|Any CPU
		{3D2733AA-9066-47BD-9707-39FDC2AAFC73}.Debug|Any CPU.ActiveCfg = Debug|Any CPU
		{3D2733AA-9066-47BD-9707-39FDC2AAFC73}.Debug|Any CPU.Build.0 = Debug|Any CPU
		{3D2733AA-9066-47BD-9707-39FDC2AAFC73}.Release|Any CPU.ActiveCfg = Release|Any CPU
		{3D2733AA-9066-47BD-9707-39FDC2AAFC73}.Release|Any CPU.Build.0 = Release|Any CPU
		{2520AF90-31DC-4B2F-9A4F-BD29B54C1D00}.Debug|Any CPU.ActiveCfg = Debug|Any CPU
		{2520AF90-31DC-4B2F-9A4F-BD29B54C1D00}.Debug|Any CPU.Build.0 = Debug|Any CPU
		{2520AF90-31DC-4B2F-9A4F-BD29B54C1D00}.Release|Any CPU.ActiveCfg = Release|Any CPU
		{2520AF90-31DC-4B2F-9A4F-BD29B54C1D00}.Release|Any CPU.Build.0 = Release|Any CPU
	EndGlobalSection
	GlobalSection(SolutionProperties) = preSolution
		HideSolutionNode = FALSE
	EndGlobalSection
	GlobalSection(NestedProjects) = preSolution
		{3D2733AA-9066-47BD-9707-39FDC2AAFC73} = {5FD9CF6E-DFD9-4E7F-A743-3DB10E910D16}
	EndGlobalSection
EndGlobal
